
Microsoft Visual Studio Solution File, Format Version 12.00
# Visual Studio Version 16
VisualStudioVersion = 16.0.31005.135
MinimumVisualStudioVersion = 10.0.40219.1
Project("{9A19103F-16F7-4668-BE54-9A1E7A4F7556}") = "Blazor.Ninja.KickStart.ServerApp", "Blazor.Ninja.KickStart.ServerApp\Blazor.Ninja.KickStart.ServerApp.csproj", "{2E254092-DD0A-490E-97DA-B5EFF16973DD}"
EndProject
Project("{9A19103F-16F7-4668-BE54-9A1E7A4F7556}") = "Blazor.Ninja.KickStart.App", "Blazor.Ninja.KickStart.App\Blazor.Ninja.KickStart.App.csproj", "{1238C448-4B9D-46F4-9ADD-01781AB1A22B}"
EndProject
Project("{9A19103F-16F7-4668-BE54-9A1E7A4F7556}") = "Blazor.Ninja.KickStart.WasmApp", "Blazor.Ninja.KickStart.WasmApp\Blazor.Ninja.KickStart.WasmApp.csproj", "{CCEF44C1-A136-483E-BD0B-CCD44CE562A5}"
EndProject
Project("{9A19103F-16F7-4668-BE54-9A1E7A4F7556}") = "Blazor.Ninja.KickStart.Controllers", "Blazor.Ninja.KickStart.Controllers\Blazor.Ninja.KickStart.Controllers.csproj", "{398BDB46-5C94-4597-BB4B-3D7783A68C67}"
EndProject
Project("{9A19103F-16F7-4668-BE54-9A1E7A4F7556}") = "Blazor.Ninja.KickStart.Common", "Blazor.Ninja.KickStart.Common\Blazor.Ninja.KickStart.Common.csproj", "{09D3CF2F-AAAC-44AA-B426-B6E068F6C21B}"
EndProject
Project("{FAE04EC0-301F-11D3-BF4B-00C04F79EFBC}") = "Blazor.Ninja.KickStart.WasmServerApp", "Blazor.Ninja.KickStart.WasmServerApp\Blazor.Ninja.KickStart.WasmServerApp.csproj", "{08757609-0E03-4940-B524-68F3F26BA1CB}"
EndProject
Global
	GlobalSection(SolutionConfigurationPlatforms) = preSolution
		Debug|Any CPU = Debug|Any CPU
		Release|Any CPU = Release|Any CPU
	EndGlobalSection
	GlobalSection(ProjectConfigurationPlatforms) = postSolution
		{2E254092-DD0A-490E-97DA-B5EFF16973DD}.Debug|Any CPU.ActiveCfg = Debug|Any CPU
		{2E254092-DD0A-490E-97DA-B5EFF16973DD}.Debug|Any CPU.Build.0 = Debug|Any CPU
		{2E254092-DD0A-490E-97DA-B5EFF16973DD}.Release|Any CPU.ActiveCfg = Release|Any CPU
		{2E254092-DD0A-490E-97DA-B5EFF16973DD}.Release|Any CPU.Build.0 = Release|Any CPU
		{1238C448-4B9D-46F4-9ADD-01781AB1A22B}.Debug|Any CPU.ActiveCfg = Debug|Any CPU
		{1238C448-4B9D-46F4-9ADD-01781AB1A22B}.Debug|Any CPU.Build.0 = Debug|Any CPU
		{1238C448-4B9D-46F4-9ADD-01781AB1A22B}.Release|Any CPU.ActiveCfg = Release|Any CPU
		{1238C448-4B9D-46F4-9ADD-01781AB1A22B}.Release|Any CPU.Build.0 = Release|Any CPU
		{CCEF44C1-A136-483E-BD0B-CCD44CE562A5}.Debug|Any CPU.ActiveCfg = Debug|Any CPU
		{CCEF44C1-A136-483E-BD0B-CCD44CE562A5}.Debug|Any CPU.Build.0 = Debug|Any CPU
		{CCEF44C1-A136-483E-BD0B-CCD44CE562A5}.Release|Any CPU.ActiveCfg = Release|Any CPU
		{CCEF44C1-A136-483E-BD0B-CCD44CE562A5}.Release|Any CPU.Build.0 = Release|Any CPU
		{398BDB46-5C94-4597-BB4B-3D7783A68C67}.Debug|Any CPU.ActiveCfg = Debug|Any CPU
		{398BDB46-5C94-4597-BB4B-3D7783A68C67}.Debug|Any CPU.Build.0 = Debug|Any CPU
		{398BDB46-5C94-4597-BB4B-3D7783A68C67}.Release|Any CPU.ActiveCfg = Release|Any CPU
		{398BDB46-5C94-4597-BB4B-3D7783A68C67}.Release|Any CPU.Build.0 = Release|Any CPU
		{09D3CF2F-AAAC-44AA-B426-B6E068F6C21B}.Debug|Any CPU.ActiveCfg = Debug|Any CPU
		{09D3CF2F-AAAC-44AA-B426-B6E068F6C21B}.Debug|Any CPU.Build.0 = Debug|Any CPU
		{09D3CF2F-AAAC-44AA-B426-B6E068F6C21B}.Release|Any CPU.ActiveCfg = Release|Any CPU
		{09D3CF2F-AAAC-44AA-B426-B6E068F6C21B}.Release|Any CPU.Build.0 = Release|Any CPU
		{08757609-0E03-4940-B524-68F3F26BA1CB}.Debug|Any CPU.ActiveCfg = Debug|Any CPU
		{08757609-0E03-4940-B524-68F3F26BA1CB}.Debug|Any CPU.Build.0 = Debug|Any CPU
		{08757609-0E03-4940-B524-68F3F26BA1CB}.Release|Any CPU.ActiveCfg = Release|Any CPU
		{08757609-0E03-4940-B524-68F3F26BA1CB}.Release|Any CPU.Build.0 = Release|Any CPU
	EndGlobalSection
	GlobalSection(SolutionProperties) = preSolution
		HideSolutionNode = FALSE
	EndGlobalSection
	GlobalSection(ExtensibilityGlobals) = postSolution
		SolutionGuid = {CC22AA96-21E8-43BC-96B8-9E533FE093AF}
	EndGlobalSection
EndGlobal
